// !$*UTF8*$!
{
	archiveVersion = 1;
	classes = {
	};
	objectVersion = 46;
	objects = {

/* Begin PBXBuildFile section */
		9C94E0141F2F5DD300A3BA64 /* AppDelegate.swift in Sources */ = {isa = PBXBuildFile; fileRef = 9C94E0131F2F5DD300A3BA64 /* AppDelegate.swift */; };
		9C94E0161F2F5DD300A3BA64 /* ViewController.swift in Sources */ = {isa = PBXBuildFile; fileRef = 9C94E0151F2F5DD300A3BA64 /* ViewController.swift */; };
		9C94E0191F2F5DD300A3BA64 /* Main.storyboard in Resources */ = {isa = PBXBuildFile; fileRef = 9C94E0171F2F5DD300A3BA64 /* Main.storyboard */; };
		9C94E01C1F2F5DD300A3BA64 /* TopGames.xcdatamodeld in Sources */ = {isa = PBXBuildFile; fileRef = 9C94E01A1F2F5DD300A3BA64 /* TopGames.xcdatamodeld */; };
		9C94E01E1F2F5DD300A3BA64 /* Assets.xcassets in Resources */ = {isa = PBXBuildFile; fileRef = 9C94E01D1F2F5DD300A3BA64 /* Assets.xcassets */; };
		9C94E0211F2F5DD300A3BA64 /* LaunchScreen.storyboard in Resources */ = {isa = PBXBuildFile; fileRef = 9C94E01F1F2F5DD300A3BA64 /* LaunchScreen.storyboard */; };
		9C94E02C1F2F5DD300A3BA64 /* TopGamesTests.swift in Sources */ = {isa = PBXBuildFile; fileRef = 9C94E02B1F2F5DD300A3BA64 /* TopGamesTests.swift */; };
		9C94E0371F2F5DD300A3BA64 /* TopGamesUITests.swift in Sources */ = {isa = PBXBuildFile; fileRef = 9C94E0361F2F5DD300A3BA64 /* TopGamesUITests.swift */; };
/* End PBXBuildFile section */

/* Begin PBXContainerItemProxy section */
		9C94E0281F2F5DD300A3BA64 /* PBXContainerItemProxy */ = {
			isa = PBXContainerItemProxy;
			containerPortal = 9C94E0081F2F5DD300A3BA64 /* Project object */;
			proxyType = 1;
			remoteGlobalIDString = 9C94E00F1F2F5DD300A3BA64;
			remoteInfo = TopGames;
		};
		9C94E0331F2F5DD300A3BA64 /* PBXContainerItemProxy */ = {
			isa = PBXContainerItemProxy;
			containerPortal = 9C94E0081F2F5DD300A3BA64 /* Project object */;
			proxyType = 1;
			remoteGlobalIDString = 9C94E00F1F2F5DD300A3BA64;
			remoteInfo = TopGames;
		};
/* End PBXContainerItemProxy section */

/* Begin PBXFileReference section */
		9C94E0101F2F5DD300A3BA64 /* TopGames.app */ = {isa = PBXFileReference; explicitFileType = wrapper.application; includeInIndex = 0; path = TopGames.app; sourceTree = BUILT_PRODUCTS_DIR; };
		9C94E0131F2F5DD300A3BA64 /* AppDelegate.swift */ = {isa = PBXFileReference; lastKnownFileType = sourcecode.swift; path = AppDelegate.swift; sourceTree = "<group>"; };
		9C94E0151F2F5DD300A3BA64 /* ViewController.swift */ = {isa = PBXFileReference; lastKnownFileType = sourcecode.swift; path = ViewController.swift; sourceTree = "<group>"; };
		9C94E0181F2F5DD300A3BA64 /* Base */ = {isa = PBXFileReference; lastKnownFileType = file.storyboard; name = Base; path = Base.lproj/Main.storyboard; sourceTree = "<group>"; };
		9C94E01B1F2F5DD300A3BA64 /* TopGames.xcdatamodel */ = {isa = PBXFileReference; lastKnownFileType = wrapper.xcdatamodel; path = TopGames.xcdatamodel; sourceTree = "<group>"; };
		9C94E01D1F2F5DD300A3BA64 /* Assets.xcassets */ = {isa = PBXFileReference; lastKnownFileType = folder.assetcatalog; path = Assets.xcassets; sourceTree = "<group>"; };
		9C94E0201F2F5DD300A3BA64 /* Base */ = {isa = PBXFileReference; lastKnownFileType = file.storyboard; name = Base; path = Base.lproj/LaunchScreen.storyboard; sourceTree = "<group>"; };
		9C94E0221F2F5DD300A3BA64 /* Info.plist */ = {isa = PBXFileReference; lastKnownFileType = text.plist.xml; path = Info.plist; sourceTree = "<group>"; };
		9C94E0271F2F5DD300A3BA64 /* TopGamesTests.xctest */ = {isa = PBXFileReference; explicitFileType = wrapper.cfbundle; includeInIndex = 0; path = TopGamesTests.xctest; sourceTree = BUILT_PRODUCTS_DIR; };
		9C94E02B1F2F5DD300A3BA64 /* TopGamesTests.swift */ = {isa = PBXFileReference; lastKnownFileType = sourcecode.swift; path = TopGamesTests.swift; sourceTree = "<group>"; };
		9C94E02D1F2F5DD300A3BA64 /* Info.plist */ = {isa = PBXFileReference; lastKnownFileType = text.plist.xml; path = Info.plist; sourceTree = "<group>"; };
		9C94E0321F2F5DD300A3BA64 /* TopGamesUITests.xctest */ = {isa = PBXFileReference; explicitFileType = wrapper.cfbundle; includeInIndex = 0; path = TopGamesUITests.xctest; sourceTree = BUILT_PRODUCTS_DIR; };
		9C94E0361F2F5DD300A3BA64 /* TopGamesUITests.swift */ = {isa = PBXFileReference; lastKnownFileType = sourcecode.swift; path = TopGamesUITests.swift; sourceTree = "<group>"; };
		9C94E0381F2F5DD300A3BA64 /* Info.plist */ = {isa = PBXFileReference; lastKnownFileType = text.plist.xml; path = Info.plist; sourceTree = "<group>"; };
/* End PBXFileReference section */

/* Begin PBXFrameworksBuildPhase section */
		9C94E00D1F2F5DD300A3BA64 /* Frameworks */ = {
			isa = PBXFrameworksBuildPhase;
			buildActionMask = 2147483647;
			files = (
			);
			runOnlyForDeploymentPostprocessing = 0;
		};
		9C94E0241F2F5DD300A3BA64 /* Frameworks */ = {
			isa = PBXFrameworksBuildPhase;
			buildActionMask = 2147483647;
			files = (
			);
			runOnlyForDeploymentPostprocessing = 0;
		};
		9C94E02F1F2F5DD300A3BA64 /* Frameworks */ = {
			isa = PBXFrameworksBuildPhase;
			buildActionMask = 2147483647;
			files = (
			);
			runOnlyForDeploymentPostprocessing = 0;
		};
/* End PBXFrameworksBuildPhase section */

/* Begin PBXGroup section */
		9C94E0071F2F5DD300A3BA64 = {
			isa = PBXGroup;
			children = (
				9C94E0121F2F5DD300A3BA64 /* TopGames */,
				9C94E02A1F2F5DD300A3BA64 /* TopGamesTests */,
				9C94E0351F2F5DD300A3BA64 /* TopGamesUITests */,
				9C94E0111F2F5DD300A3BA64 /* Products */,
			);
			sourceTree = "<group>";
		};
		9C94E0111F2F5DD300A3BA64 /* Products */ = {
			isa = PBXGroup;
			children = (
				9C94E0101F2F5DD300A3BA64 /* TopGames.app */,
				9C94E0271F2F5DD300A3BA64 /* TopGamesTests.xctest */,
				9C94E0321F2F5DD300A3BA64 /* TopGamesUITests.xctest */,
			);
			name = Products;
			sourceTree = "<group>";
		};
		9C94E0121F2F5DD300A3BA64 /* TopGames */ = {
			isa = PBXGroup;
			children = (
				9C94E0131F2F5DD300A3BA64 /* AppDelegate.swift */,
				9C94E0151F2F5DD300A3BA64 /* ViewController.swift */,
				9C94E0171F2F5DD300A3BA64 /* Main.storyboard */,
				9C94E01D1F2F5DD300A3BA64 /* Assets.xcassets */,
				9C94E01F1F2F5DD300A3BA64 /* LaunchScreen.storyboard */,
				9C94E0221F2F5DD300A3BA64 /* Info.plist */,
				9C94E01A1F2F5DD300A3BA64 /* TopGames.xcdatamodeld */,
			);
			path = TopGames;
			sourceTree = "<group>";
		};
		9C94E02A1F2F5DD300A3BA64 /* TopGamesTests */ = {
			isa = PBXGroup;
			children = (
				9C94E02B1F2F5DD300A3BA64 /* TopGamesTests.swift */,
				9C94E02D1F2F5DD300A3BA64 /* Info.plist */,
			);
			path = TopGamesTests;
			sourceTree = "<group>";
		};
		9C94E0351F2F5DD300A3BA64 /* TopGamesUITests */ = {
			isa = PBXGroup;
			children = (
				9C94E0361F2F5DD300A3BA64 /* TopGamesUITests.swift */,
				9C94E0381F2F5DD300A3BA64 /* Info.plist */,
			);
			path = TopGamesUITests;
			sourceTree = "<group>";
		};
/* End PBXGroup section */

/* Begin PBXNativeTarget section */
		9C94E00F1F2F5DD300A3BA64 /* TopGames */ = {
			isa = PBXNativeTarget;
			buildConfigurationList = 9C94E03B1F2F5DD300A3BA64 /* Build configuration list for PBXNativeTarget "TopGames" */;
			buildPhases = (
				9C94E00C1F2F5DD300A3BA64 /* Sources */,
				9C94E00D1F2F5DD300A3BA64 /* Frameworks */,
				9C94E00E1F2F5DD300A3BA64 /* Resources */,
			);
			buildRules = (
			);
			dependencies = (
			);
			name = TopGames;
			productName = TopGames;
			productReference = 9C94E0101F2F5DD300A3BA64 /* TopGames.app */;
			productType = "com.apple.product-type.application";
		};
		9C94E0261F2F5DD300A3BA64 /* TopGamesTests */ = {
			isa = PBXNativeTarget;
			buildConfigurationList = 9C94E03E1F2F5DD300A3BA64 /* Build configuration list for PBXNativeTarget "TopGamesTests" */;
			buildPhases = (
				9C94E0231F2F5DD300A3BA64 /* Sources */,
				9C94E0241F2F5DD300A3BA64 /* Frameworks */,
				9C94E0251F2F5DD300A3BA64 /* Resources */,
			);
			buildRules = (
			);
			dependencies = (
				9C94E0291F2F5DD300A3BA64 /* PBXTargetDependency */,
			);
			name = TopGamesTests;
			productName = TopGamesTests;
			productReference = 9C94E0271F2F5DD300A3BA64 /* TopGamesTests.xctest */;
			productType = "com.apple.product-type.bundle.unit-test";
		};
		9C94E0311F2F5DD300A3BA64 /* TopGamesUITests */ = {
			isa = PBXNativeTarget;
			buildConfigurationList = 9C94E0411F2F5DD300A3BA64 /* Build configuration list for PBXNativeTarget "TopGamesUITests" */;
			buildPhases = (
				9C94E02E1F2F5DD300A3BA64 /* Sources */,
				9C94E02F1F2F5DD300A3BA64 /* Frameworks */,
				9C94E0301F2F5DD300A3BA64 /* Resources */,
			);
			buildRules = (
			);
			dependencies = (
				9C94E0341F2F5DD300A3BA64 /* PBXTargetDependency */,
			);
			name = TopGamesUITests;
			productName = TopGamesUITests;
			productReference = 9C94E0321F2F5DD300A3BA64 /* TopGamesUITests.xctest */;
			productType = "com.apple.product-type.bundle.ui-testing";
		};
/* End PBXNativeTarget section */

/* Begin PBXProject section */
		9C94E0081F2F5DD300A3BA64 /* Project object */ = {
			isa = PBXProject;
			attributes = {
				LastSwiftUpdateCheck = 0830;
				LastUpgradeCheck = 0830;
				ORGANIZATIONNAME = Marcelo;
				TargetAttributes = {
					9C94E00F1F2F5DD300A3BA64 = {
						CreatedOnToolsVersion = 8.3.3;
						DevelopmentTeam = K2542JU5UJ;
						ProvisioningStyle = Automatic;
					};
					9C94E0261F2F5DD300A3BA64 = {
						CreatedOnToolsVersion = 8.3.3;
						DevelopmentTeam = K2542JU5UJ;
						ProvisioningStyle = Automatic;
						TestTargetID = 9C94E00F1F2F5DD300A3BA64;
					};
					9C94E0311F2F5DD300A3BA64 = {
						CreatedOnToolsVersion = 8.3.3;
						DevelopmentTeam = K2542JU5UJ;
						ProvisioningStyle = Automatic;
						TestTargetID = 9C94E00F1F2F5DD300A3BA64;
					};
				};
			};
			buildConfigurationList = 9C94E00B1F2F5DD300A3BA64 /* Build configuration list for PBXProject "TopGames" */;
			compatibilityVersion = "Xcode 3.2";
			developmentRegion = English;
			hasScannedForEncodings = 0;
			knownRegions = (
				en,
				Base,
			);
			mainGroup = 9C94E0071F2F5DD300A3BA64;
			productRefGroup = 9C94E0111F2F5DD300A3BA64 /* Products */;
			projectDirPath = "";
			projectRoot = "";
			targets = (
				9C94E00F1F2F5DD300A3BA64 /* TopGames */,
				9C94E0261F2F5DD300A3BA64 /* TopGamesTests */,
				9C94E0311F2F5DD300A3BA64 /* TopGamesUITests */,
			);
		};
/* End PBXProject section */

/* Begin PBXResourcesBuildPhase section */
		9C94E00E1F2F5DD300A3BA64 /* Resources */ = {
			isa = PBXResourcesBuildPhase;
			buildActionMask = 2147483647;
			files = (
				9C94E0211F2F5DD300A3BA64 /* LaunchScreen.storyboard in Resources */,
				9C94E01E1F2F5DD300A3BA64 /* Assets.xcassets in Resources */,
				9C94E0191F2F5DD300A3BA64 /* Main.storyboard in Resources */,
			);
			runOnlyForDeploymentPostprocessing = 0;
		};
		9C94E0251F2F5DD300A3BA64 /* Resources */ = {
			isa = PBXResourcesBuildPhase;
			buildActionMask = 2147483647;
			files = (
			);
			runOnlyForDeploymentPostprocessing = 0;
		};
		9C94E0301F2F5DD300A3BA64 /* Resources */ = {
			isa = PBXResourcesBuildPhase;
			buildActionMask = 2147483647;
			files = (
			);
			runOnlyForDeploymentPostprocessing = 0;
		};
/* End PBXResourcesBuildPhase section */

/* Begin PBXSourcesBuildPhase section */
		9C94E00C1F2F5DD300A3BA64 /* Sources */ = {
			isa = PBXSourcesBuildPhase;
			buildActionMask = 2147483647;
			files = (
				9C94E0161F2F5DD300A3BA64 /* ViewController.swift in Sources */,
				9C94E0141F2F5DD300A3BA64 /* AppDelegate.swift in Sources */,
				9C94E01C1F2F5DD300A3BA64 /* TopGames.xcdatamodeld in Sources */,
			);
			runOnlyForDeploymentPostprocessing = 0;
		};
		9C94E0231F2F5DD300A3BA64 /* Sources */ = {
			isa = PBXSourcesBuildPhase;
			buildActionMask = 2147483647;
			files = (
				9C94E02C1F2F5DD300A3BA64 /* TopGamesTests.swift in Sources */,
			);
			runOnlyForDeploymentPostprocessing = 0;
		};
		9C94E02E1F2F5DD300A3BA64 /* Sources */ = {
			isa = PBXSourcesBuildPhase;
			buildActionMask = 2147483647;
			files = (
				9C94E0371F2F5DD300A3BA64 /* TopGamesUITests.swift in Sources */,
			);
			runOnlyForDeploymentPostprocessing = 0;
		};
/* End PBXSourcesBuildPhase section */

/* Begin PBXTargetDependency section */
		9C94E0291F2F5DD300A3BA64 /* PBXTargetDependency */ = {
			isa = PBXTargetDependency;
			target = 9C94E00F1F2F5DD300A3BA64 /* TopGames */;
			targetProxy = 9C94E0281F2F5DD300A3BA64 /* PBXContainerItemProxy */;
		};
		9C94E0341F2F5DD300A3BA64 /* PBXTargetDependency */ = {
			isa = PBXTargetDependency;
			target = 9C94E00F1F2F5DD300A3BA64 /* TopGames */;
			targetProxy = 9C94E0331F2F5DD300A3BA64 /* PBXContainerItemProxy */;
		};
/* End PBXTargetDependency section */

/* Begin PBXVariantGroup section */
		9C94E0171F2F5DD300A3BA64 /* Main.storyboard */ = {
			isa = PBXVariantGroup;
			children = (
				9C94E0181F2F5DD300A3BA64 /* Base */,
			);
			name = Main.storyboard;
			sourceTree = "<group>";
		};
		9C94E01F1F2F5DD300A3BA64 /* LaunchScreen.storyboard */ = {
			isa = PBXVariantGroup;
			children = (
				9C94E0201F2F5DD300A3BA64 /* Base */,
			);
			name = LaunchScreen.storyboard;
			sourceTree = "<group>";
		};
/* End PBXVariantGroup section */

/* Begin XCBuildConfiguration section */
		9C94E0391F2F5DD300A3BA64 /* Debug */ = {
			isa = XCBuildConfiguration;
			buildSettings = {
				ALWAYS_SEARCH_USER_PATHS = NO;
				CLANG_ANALYZER_NONNULL = YES;
				CLANG_ANALYZER_NUMBER_OBJECT_CONVERSION = YES_AGGRESSIVE;
				CLANG_CXX_LANGUAGE_STANDARD = "gnu++0x";
				CLANG_CXX_LIBRARY = "libc++";
				CLANG_ENABLE_MODULES = YES;
				CLANG_ENABLE_OBJC_ARC = YES;
				CLANG_WARN_BOOL_CONVERSION = YES;
				CLANG_WARN_CONSTANT_CONVERSION = YES;
				CLANG_WARN_DIRECT_OBJC_ISA_USAGE = YES_ERROR;
				CLANG_WARN_DOCUMENTATION_COMMENTS = YES;
				CLANG_WARN_EMPTY_BODY = YES;
				CLANG_WARN_ENUM_CONVERSION = YES;
				CLANG_WARN_INFINITE_RECURSION = YES;
				CLANG_WARN_INT_CONVERSION = YES;
				CLANG_WARN_OBJC_ROOT_CLASS = YES_ERROR;
				CLANG_WARN_SUSPICIOUS_MOVE = YES;
				CLANG_WARN_UNREACHABLE_CODE = YES;
				CLANG_WARN__DUPLICATE_METHOD_MATCH = YES;
				"CODE_SIGN_IDENTITY[sdk=iphoneos*]" = "iPhone Developer";
				COPY_PHASE_STRIP = NO;
				DEBUG_INFORMATION_FORMAT = dwarf;
				ENABLE_STRICT_OBJC_MSGSEND = YES;
				ENABLE_TESTABILITY = YES;
				GCC_C_LANGUAGE_STANDARD = gnu99;
				GCC_DYNAMIC_NO_PIC = NO;
				GCC_NO_COMMON_BLOCKS = YES;
				GCC_OPTIMIZATION_LEVEL = 0;
				GCC_PREPROCESSOR_DEFINITIONS = (
					"DEBUG=1",
					"$(inherited)",
				);
				GCC_WARN_64_TO_32_BIT_CONVERSION = YES;
				GCC_WARN_ABOUT_RETURN_TYPE = YES_ERROR;
				GCC_WARN_UNDECLARED_SELECTOR = YES;
				GCC_WARN_UNINITIALIZED_AUTOS = YES_AGGRESSIVE;
				GCC_WARN_UNUSED_FUNCTION = YES;
				GCC_WARN_UNUSED_VARIABLE = YES;
				IPHONEOS_DEPLOYMENT_TARGET = 10.3;
				MTL_ENABLE_DEBUG_INFO = YES;
				ONLY_ACTIVE_ARCH = YES;
				SDKROOT = iphoneos;
				SWIFT_ACTIVE_COMPILATION_CONDITIONS = DEBUG;
				SWIFT_OPTIMIZATION_LEVEL = "-Onone";
				TARGETED_DEVICE_FAMILY = "1,2";
			};
			name = Debug;
		};
		9C94E03A1F2F5DD300A3BA64 /* Release */ = {
			isa = XCBuildConfiguration;
			buildSettings = {
				ALWAYS_SEARCH_USER_PATHS = NO;
				CLANG_ANALYZER_NONNULL = YES;
				CLANG_ANALYZER_NUMBER_OBJECT_CONVERSION = YES_AGGRESSIVE;
				CLANG_CXX_LANGUAGE_STANDARD = "gnu++0x";
				CLANG_CXX_LIBRARY = "libc++";
				CLANG_ENABLE_MODULES = YES;
				CLANG_ENABLE_OBJC_ARC = YES;
				CLANG_WARN_BOOL_CONVERSION = YES;
				CLANG_WARN_CONSTANT_CONVERSION = YES;
				CLANG_WARN_DIRECT_OBJC_ISA_USAGE = YES_ERROR;
				CLANG_WARN_DOCUMENTATION_COMMENTS = YES;
				CLANG_WARN_EMPTY_BODY = YES;
				CLANG_WARN_ENUM_CONVERSION = YES;
				CLANG_WARN_INFINITE_RECURSION = YES;
				CLANG_WARN_INT_CONVERSION = YES;
				CLANG_WARN_OBJC_ROOT_CLASS = YES_ERROR;
				CLANG_WARN_SUSPICIOUS_MOVE = YES;
				CLANG_WARN_UNREACHABLE_CODE = YES;
				CLANG_WARN__DUPLICATE_METHOD_MATCH = YES;
				"CODE_SIGN_IDENTITY[sdk=iphoneos*]" = "iPhone Developer";
				COPY_PHASE_STRIP = NO;
				DEBUG_INFORMATION_FORMAT = "dwarf-with-dsym";
				ENABLE_NS_ASSERTIONS = NO;
				ENABLE_STRICT_OBJC_MSGSEND = YES;
				GCC_C_LANGUAGE_STANDARD = gnu99;
				GCC_NO_COMMON_BLOCKS = YES;
				GCC_WARN_64_TO_32_BIT_CONVERSION = YES;
				GCC_WARN_ABOUT_RETURN_TYPE = YES_ERROR;
				GCC_WARN_UNDECLARED_SELECTOR = YES;
				GCC_WARN_UNINITIALIZED_AUTOS = YES_AGGRESSIVE;
				GCC_WARN_UNUSED_FUNCTION = YES;
				GCC_WARN_UNUSED_VARIABLE = YES;
				IPHONEOS_DEPLOYMENT_TARGET = 10.3;
				MTL_ENABLE_DEBUG_INFO = NO;
				SDKROOT = iphoneos;
				SWIFT_OPTIMIZATION_LEVEL = "-Owholemodule";
				TARGETED_DEVICE_FAMILY = "1,2";
				VALIDATE_PRODUCT = YES;
			};
			name = Release;
		};
		9C94E03C1F2F5DD300A3BA64 /* Debug */ = {
			isa = XCBuildConfiguration;
			buildSettings = {
				ASSETCATALOG_COMPILER_APPICON_NAME = AppIcon;
				DEVELOPMENT_TEAM = K2542JU5UJ;
				INFOPLIST_FILE = TopGames/Info.plist;
				LD_RUNPATH_SEARCH_PATHS = "$(inherited) @executable_path/Frameworks";
				PRODUCT_BUNDLE_IDENTIFIER = Marcelo.TopGames;
				PRODUCT_NAME = "$(TARGET_NAME)";
				SWIFT_VERSION = 3.0;
			};
			name = Debug;
		};
		9C94E03D1F2F5DD300A3BA64 /* Release */ = {
			isa = XCBuildConfiguration;
			buildSettings = {
				ASSETCATALOG_COMPILER_APPICON_NAME = AppIcon;
				DEVELOPMENT_TEAM = K2542JU5UJ;
				INFOPLIST_FILE = TopGames/Info.plist;
				LD_RUNPATH_SEARCH_PATHS = "$(inherited) @executable_path/Frameworks";
				PRODUCT_BUNDLE_IDENTIFIER = Marcelo.TopGames;
				PRODUCT_NAME = "$(TARGET_NAME)";
				SWIFT_VERSION = 3.0;
			};
			name = Release;
		};
		9C94E03F1F2F5DD300A3BA64 /* Debug */ = {
			isa = XCBuildConfiguration;
			buildSettings = {
				ALWAYS_EMBED_SWIFT_STANDARD_LIBRARIES = YES;
				BUNDLE_LOADER = "$(TEST_HOST)";
				DEVELOPMENT_TEAM = K2542JU5UJ;
				INFOPLIST_FILE = TopGamesTests/Info.plist;
				LD_RUNPATH_SEARCH_PATHS = "$(inherited) @executable_path/Frameworks @loader_path/Frameworks";
				PRODUCT_BUNDLE_IDENTIFIER = Marcelo.TopGamesTests;
				PRODUCT_NAME = "$(TARGET_NAME)";
				SWIFT_VERSION = 3.0;
				TEST_HOST = "$(BUILT_PRODUCTS_DIR)/TopGames.app/TopGames";
			};
			name = Debug;
		};
		9C94E0401F2F5DD300A3BA64 /* Release */ = {
			isa = XCBuildConfiguration;
			buildSettings = {
				ALWAYS_EMBED_SWIFT_STANDARD_LIBRARIES = YES;
				BUNDLE_LOADER = "$(TEST_HOST)";
				DEVELOPMENT_TEAM = K2542JU5UJ;
				INFOPLIST_FILE = TopGamesTests/Info.plist;
				LD_RUNPATH_SEARCH_PATHS = "$(inherited) @executable_path/Frameworks @loader_path/Frameworks";
				PRODUCT_BUNDLE_IDENTIFIER = Marcelo.TopGamesTests;
				PRODUCT_NAME = "$(TARGET_NAME)";
				SWIFT_VERSION = 3.0;
				TEST_HOST = "$(BUILT_PRODUCTS_DIR)/TopGames.app/TopGames";
			};
			name = Release;
		};
		9C94E0421F2F5DD300A3BA64 /* Debug */ = {
			isa = XCBuildConfiguration;
			buildSettings = {
				ALWAYS_EMBED_SWIFT_STANDARD_LIBRARIES = YES;
				DEVELOPMENT_TEAM = K2542JU5UJ;
				INFOPLIST_FILE = TopGamesUITests/Info.plist;
				LD_RUNPATH_SEARCH_PATHS = "$(inherited) @executable_path/Frameworks @loader_path/Frameworks";
				PRODUCT_BUNDLE_IDENTIFIER = Marcelo.TopGamesUITests;
				PRODUCT_NAME = "$(TARGET_NAME)";
				SWIFT_VERSION = 3.0;
				TEST_TARGET_NAME = TopGames;
			};
			name = Debug;
		};
		9C94E0431F2F5DD300A3BA64 /* Release */ = {
			isa = XCBuildConfiguration;
			buildSettings = {
				ALWAYS_EMBED_SWIFT_STANDARD_LIBRARIES = YES;
				DEVELOPMENT_TEAM = K2542JU5UJ;
				INFOPLIST_FILE = TopGamesUITests/Info.plist;
				LD_RUNPATH_SEARCH_PATHS = "$(inherited) @executable_path/Frameworks @loader_path/Frameworks";
				PRODUCT_BUNDLE_IDENTIFIER = Marcelo.TopGamesUITests;
				PRODUCT_NAME = "$(TARGET_NAME)";
				SWIFT_VERSION = 3.0;
				TEST_TARGET_NAME = TopGames;
			};
			name = Release;
		};
/* End XCBuildConfiguration section */

/* Begin XCConfigurationList section */
		9C94E00B1F2F5DD300A3BA64 /* Build configuration list for PBXProject "TopGames" */ = {
			isa = XCConfigurationList;
			buildConfigurations = (
				9C94E0391F2F5DD300A3BA64 /* Debug */,
				9C94E03A1F2F5DD300A3BA64 /* Release */,
			);
			defaultConfigurationIsVisible = 0;
			defaultConfigurationName = Release;
		};
		9C94E03B1F2F5DD300A3BA64 /* Build configuration list for PBXNativeTarget "TopGames" */ = {
			isa = XCConfigurationList;
			buildConfigurations = (
				9C94E03C1F2F5DD300A3BA64 /* Debug */,
				9C94E03D1F2F5DD300A3BA64 /* Release */,
			);
			defaultConfigurationIsVisible = 0;
		};
		9C94E03E1F2F5DD300A3BA64 /* Build configuration list for PBXNativeTarget "TopGamesTests" */ = {
			isa = XCConfigurationList;
			buildConfigurations = (
				9C94E03F1F2F5DD300A3BA64 /* Debug */,
				9C94E0401F2F5DD300A3BA64 /* Release */,
			);
			defaultConfigurationIsVisible = 0;
		};
		9C94E0411F2F5DD300A3BA64 /* Build configuration list for PBXNativeTarget "TopGamesUITests" */ = {
			isa = XCConfigurationList;
			buildConfigurations = (
				9C94E0421F2F5DD300A3BA64 /* Debug */,
				9C94E0431F2F5DD300A3BA64 /* Release */,
			);
			defaultConfigurationIsVisible = 0;
		};
/* End XCConfigurationList section */

/* Begin XCVersionGroup section */
		9C94E01A1F2F5DD300A3BA64 /* TopGames.xcdatamodeld */ = {
			isa = XCVersionGroup;
			children = (
				9C94E01B1F2F5DD300A3BA64 /* TopGames.xcdatamodel */,
			);
			currentVersion = 9C94E01B1F2F5DD300A3BA64 /* TopGames.xcdatamodel */;
			path = TopGames.xcdatamodeld;
			sourceTree = "<group>";
			versionGroupType = wrapper.xcdatamodel;
		};
/* End XCVersionGroup section */
	};
	rootObject = 9C94E0081F2F5DD300A3BA64 /* Project object */;
}
